
Microsoft Visual Studio Solution File, Format Version 12.00
# Visual Studio Version 17
VisualStudioVersion = 17.2.32526.322
MinimumVisualStudioVersion = 10.0.40219.1
Project("{2150E333-8FDC-42A3-9474-1A3956D46DE8}") = "src", "src", "{4402721D-639C-40FA-882E-8BE7CE59DAC0}"
EndProject
Project("{2150E333-8FDC-42A3-9474-1A3956D46DE8}") = "tests", "tests", "{5FF40CE2-4510-4B4C-B41D-5F37BD13E9C5}"
EndProject
Project("{9A19103F-16F7-4668-BE54-9A1E7A4F7556}") = "GoCode.Domain", "src\GoCode.Domain\GoCode.Domain.csproj", "{53516859-8965-4398-A124-645320116920}"
EndProject
Project("{9A19103F-16F7-4668-BE54-9A1E7A4F7556}") = "GoCode.Application", "src\GoCode.Application\GoCode.Application.csproj", "{207B9560-A010-4BFC-82AA-9C48A6581404}"
EndProject
Project("{9A19103F-16F7-4668-BE54-9A1E7A4F7556}") = "GoCode.WebAPI", "src\GoCode.WebAPI\GoCode.WebAPI.csproj", "{59F119BA-ECFC-46AD-9EEC-4E46CD938EF1}"
EndProject
Project("{9A19103F-16F7-4668-BE54-9A1E7A4F7556}") = "GoCode.Domain.UnitTests", "tests\GoCode.Domain.UnitTests\GoCode.Domain.UnitTests.csproj", "{B134FC21-D12D-4874-9384-ADBCCE92B633}"
EndProject
Project("{9A19103F-16F7-4668-BE54-9A1E7A4F7556}") = "GoCode.Application.UnitTests", "tests\GoCode.Application.UnitTests\GoCode.Application.UnitTests.csproj", "{1E0400B1-D690-4066-A55C-99AEC0BC68E2}"
EndProject
Project("{9A19103F-16F7-4668-BE54-9A1E7A4F7556}") = "GoCode.Infrastructure", "src\GoCode.Infrastructure\GoCode.Infrastructure.csproj", "{F94BB9A9-5301-4718-B051-34974E76DB0B}"
EndProject
Global
	GlobalSection(SolutionConfigurationPlatforms) = preSolution
		Debug|Any CPU = Debug|Any CPU
		Release|Any CPU = Release|Any CPU
	EndGlobalSection
	GlobalSection(ProjectConfigurationPlatforms) = postSolution
		{53516859-8965-4398-A124-645320116920}.Debug|Any CPU.ActiveCfg = Debug|Any CPU
		{53516859-8965-4398-A124-645320116920}.Debug|Any CPU.Build.0 = Debug|Any CPU
		{53516859-8965-4398-A124-645320116920}.Release|Any CPU.ActiveCfg = Release|Any CPU
		{53516859-8965-4398-A124-645320116920}.Release|Any CPU.Build.0 = Release|Any CPU
		{207B9560-A010-4BFC-82AA-9C48A6581404}.Debug|Any CPU.ActiveCfg = Debug|Any CPU
		{207B9560-A010-4BFC-82AA-9C48A6581404}.Debug|Any CPU.Build.0 = Debug|Any CPU
		{207B9560-A010-4BFC-82AA-9C48A6581404}.Release|Any CPU.ActiveCfg = Release|Any CPU
		{207B9560-A010-4BFC-82AA-9C48A6581404}.Release|Any CPU.Build.0 = Release|Any CPU
		{59F119BA-ECFC-46AD-9EEC-4E46CD938EF1}.Debug|Any CPU.ActiveCfg = Debug|Any CPU
		{59F119BA-ECFC-46AD-9EEC-4E46CD938EF1}.Debug|Any CPU.Build.0 = Debug|Any CPU
		{59F119BA-ECFC-46AD-9EEC-4E46CD938EF1}.Release|Any CPU.ActiveCfg = Release|Any CPU
		{59F119BA-ECFC-46AD-9EEC-4E46CD938EF1}.Release|Any CPU.Build.0 = Release|Any CPU
		{B134FC21-D12D-4874-9384-ADBCCE92B633}.Debug|Any CPU.ActiveCfg = Debug|Any CPU
		{B134FC21-D12D-4874-9384-ADBCCE92B633}.Debug|Any CPU.Build.0 = Debug|Any CPU
		{B134FC21-D12D-4874-9384-ADBCCE92B633}.Release|Any CPU.ActiveCfg = Release|Any CPU
		{B134FC21-D12D-4874-9384-ADBCCE92B633}.Release|Any CPU.Build.0 = Release|Any CPU
		{1E0400B1-D690-4066-A55C-99AEC0BC68E2}.Debug|Any CPU.ActiveCfg = Debug|Any CPU
		{1E0400B1-D690-4066-A55C-99AEC0BC68E2}.Debug|Any CPU.Build.0 = Debug|Any CPU
		{1E0400B1-D690-4066-A55C-99AEC0BC68E2}.Release|Any CPU.ActiveCfg = Release|Any CPU
		{1E0400B1-D690-4066-A55C-99AEC0BC68E2}.Release|Any CPU.Build.0 = Release|Any CPU
		{F94BB9A9-5301-4718-B051-34974E76DB0B}.Debug|Any CPU.ActiveCfg = Debug|Any CPU
		{F94BB9A9-5301-4718-B051-34974E76DB0B}.Debug|Any CPU.Build.0 = Debug|Any CPU
		{F94BB9A9-5301-4718-B051-34974E76DB0B}.Release|Any CPU.ActiveCfg = Release|Any CPU
		{F94BB9A9-5301-4718-B051-34974E76DB0B}.Release|Any CPU.Build.0 = Release|Any CPU
	EndGlobalSection
	GlobalSection(SolutionProperties) = preSolution
		HideSolutionNode = FALSE
	EndGlobalSection
	GlobalSection(NestedProjects) = preSolution
		{53516859-8965-4398-A124-645320116920} = {4402721D-639C-40FA-882E-8BE7CE59DAC0}
		{207B9560-A010-4BFC-82AA-9C48A6581404} = {4402721D-639C-40FA-882E-8BE7CE59DAC0}
		{59F119BA-ECFC-46AD-9EEC-4E46CD938EF1} = {4402721D-639C-40FA-882E-8BE7CE59DAC0}
		{B134FC21-D12D-4874-9384-ADBCCE92B633} = {5FF40CE2-4510-4B4C-B41D-5F37BD13E9C5}
		{1E0400B1-D690-4066-A55C-99AEC0BC68E2} = {5FF40CE2-4510-4B4C-B41D-5F37BD13E9C5}
		{F94BB9A9-5301-4718-B051-34974E76DB0B} = {4402721D-639C-40FA-882E-8BE7CE59DAC0}
	EndGlobalSection
	GlobalSection(ExtensibilityGlobals) = postSolution
		SolutionGuid = {998A5415-877F-4383-B006-3F503B8E5913}
	EndGlobalSection
EndGlobal
